
Microsoft Visual Studio Solution File, Format Version 12.00
# Visual Studio Version 17
VisualStudioVersion = 17.0.31903.59
MinimumVisualStudioVersion = 10.0.40219.1
Project("{FAE04EC0-301F-11D3-BF4B-00C04F79EFBC}") = "ShopeShoesApp", "ShopeShoesApp.csproj", "{6B3D5F5C-169D-4E14-8F53-79FB7FF1C981}"
EndProject
Global
	GlobalSection(SolutionConfigurationPlatforms) = preSolution
		Debug|Any CPU = Debug|Any CPU
		Release|Any CPU = Release|Any CPU
	EndGlobalSection
	GlobalSection(ProjectConfigurationPlatforms) = postSolution
		{6B3D5F5C-169D-4E14-8F53-79FB7FF1C981}.Debug|Any CPU.ActiveCfg = Debug|Any CPU
		{6B3D5F5C-169D-4E14-8F53-79FB7FF1C981}.Debug|Any CPU.Build.0 = Debug|Any CPU
		{6B3D5F5C-169D-4E14-8F53-79FB7FF1C981}.Release|Any CPU.ActiveCfg = Release|Any CPU
		{6B3D5F5C-169D-4E14-8F53-79FB7FF1C981}.Release|Any CPU.Build.0 = Release|Any CPU
	EndGlobalSection
	GlobalSection(SolutionProperties) = preSolution
		HideSolutionNode = FALSE
	EndGlobalSection
	GlobalSection(ExtensibilityGlobals) = postSolution
		SolutionGuid = {49526F6B-B513-4262-BF4E-F8491067B1B1}
	EndGlobalSection
EndGlobal
